
Microsoft Visual Studio Solution File, Format Version 12.00
# Visual Studio 15
VisualStudioVersion = 15.0.28307.1169
MinimumVisualStudioVersion = 10.0.40219.1
Project("{FAE04EC0-301F-11D3-BF4B-00C04F79EFBC}") = "TredaLogica", "TredaLogica\TredaLogica.csproj", "{97519B87-DE68-4FC8-A806-1C5B961546AA}"
EndProject
Global
	GlobalSection(SolutionConfigurationPlatforms) = preSolution
		Debug|Any CPU = Debug|Any CPU
		Release|Any CPU = Release|Any CPU
	EndGlobalSection
	GlobalSection(ProjectConfigurationPlatforms) = postSolution
		{97519B87-DE68-4FC8-A806-1C5B961546AA}.Debug|Any CPU.ActiveCfg = Debug|Any CPU
		{97519B87-DE68-4FC8-A806-1C5B961546AA}.Debug|Any CPU.Build.0 = Debug|Any CPU
		{97519B87-DE68-4FC8-A806-1C5B961546AA}.Release|Any CPU.ActiveCfg = Release|Any CPU
		{97519B87-DE68-4FC8-A806-1C5B961546AA}.Release|Any CPU.Build.0 = Release|Any CPU
	EndGlobalSection
	GlobalSection(SolutionProperties) = preSolution
		HideSolutionNode = FALSE
	EndGlobalSection
	GlobalSection(ExtensibilityGlobals) = postSolution
		SolutionGuid = {7288F351-A2EF-4CF5-89AB-4E75A2347851}
	EndGlobalSection
EndGlobal
